
Microsoft Visual Studio Solution File, Format Version 12.00
# Visual Studio Version 16
VisualStudioVersion = 16.0.30309.148
MinimumVisualStudioVersion = 10.0.40219.1
Project("{FAE04EC0-301F-11D3-BF4B-00C04F79EFBC}") = "assignment2", "assignment2.csproj", "{01F4BF1F-8E3B-4182-873C-80C23BF4B06F}"
EndProject
Global
	GlobalSection(SolutionConfigurationPlatforms) = preSolution
		Debug|Any CPU = Debug|Any CPU
		Release|Any CPU = Release|Any CPU
	EndGlobalSection
	GlobalSection(ProjectConfigurationPlatforms) = postSolution
		{01F4BF1F-8E3B-4182-873C-80C23BF4B06F}.Debug|Any CPU.ActiveCfg = Debug|Any CPU
		{01F4BF1F-8E3B-4182-873C-80C23BF4B06F}.Debug|Any CPU.Build.0 = Debug|Any CPU
		{01F4BF1F-8E3B-4182-873C-80C23BF4B06F}.Release|Any CPU.ActiveCfg = Release|Any CPU
		{01F4BF1F-8E3B-4182-873C-80C23BF4B06F}.Release|Any CPU.Build.0 = Release|Any CPU
	EndGlobalSection
	GlobalSection(SolutionProperties) = preSolution
		HideSolutionNode = FALSE
	EndGlobalSection
	GlobalSection(ExtensibilityGlobals) = postSolution
		SolutionGuid = {AAF4FE4D-9605-42C8-837A-2B607B0C3864}
	EndGlobalSection
EndGlobal
